
Microsoft Visual Studio Solution File, Format Version 12.00
# Visual Studio Version 17
VisualStudioVersion = 17.0.32112.339
MinimumVisualStudioVersion = 10.0.40219.1
Project("{FAE04EC0-301F-11D3-BF4B-00C04F79EFBC}") = "Primeiro", "Primeiro\Primeiro.csproj", "{93DF3706-7014-4C12-A8C9-B4E127952435}"
EndProject
Global
	GlobalSection(SolutionConfigurationPlatforms) = preSolution
		Debug|Any CPU = Debug|Any CPU
		Release|Any CPU = Release|Any CPU
	EndGlobalSection
	GlobalSection(ProjectConfigurationPlatforms) = postSolution
		{93DF3706-7014-4C12-A8C9-B4E127952435}.Debug|Any CPU.ActiveCfg = Debug|Any CPU
		{93DF3706-7014-4C12-A8C9-B4E127952435}.Debug|Any CPU.Build.0 = Debug|Any CPU
		{93DF3706-7014-4C12-A8C9-B4E127952435}.Release|Any CPU.ActiveCfg = Release|Any CPU
		{93DF3706-7014-4C12-A8C9-B4E127952435}.Release|Any CPU.Build.0 = Release|Any CPU
	EndGlobalSection
	GlobalSection(SolutionProperties) = preSolution
		HideSolutionNode = FALSE
	EndGlobalSection
	GlobalSection(ExtensibilityGlobals) = postSolution
		SolutionGuid = {A4E25925-A8BD-4C17-A3B1-DA25F820813C}
	EndGlobalSection
EndGlobal
