
Microsoft Visual Studio Solution File, Format Version 12.00
# Visual Studio Version 17
VisualStudioVersion = 17.0.32112.339
MinimumVisualStudioVersion = 10.0.40219.1
Project("{FAE04EC0-301F-11D3-BF4B-00C04F79EFBC}") = "Contas", "Contas\Contas.csproj", "{5C255B6C-F919-4661-83E3-C07C97EE6111}"
EndProject
Project("{FAE04EC0-301F-11D3-BF4B-00C04F79EFBC}") = "ContasTests", "ContasTests\ContasTests.csproj", "{041DFA7A-7658-4998-85AC-1915B1EFA5D8}"
EndProject
Global
	GlobalSection(SolutionConfigurationPlatforms) = preSolution
		Debug|Any CPU = Debug|Any CPU
		Release|Any CPU = Release|Any CPU
	EndGlobalSection
	GlobalSection(ProjectConfigurationPlatforms) = postSolution
		{5C255B6C-F919-4661-83E3-C07C97EE6111}.Debug|Any CPU.ActiveCfg = Debug|Any CPU
		{5C255B6C-F919-4661-83E3-C07C97EE6111}.Debug|Any CPU.Build.0 = Debug|Any CPU
		{5C255B6C-F919-4661-83E3-C07C97EE6111}.Release|Any CPU.ActiveCfg = Release|Any CPU
		{5C255B6C-F919-4661-83E3-C07C97EE6111}.Release|Any CPU.Build.0 = Release|Any CPU
		{041DFA7A-7658-4998-85AC-1915B1EFA5D8}.Debug|Any CPU.ActiveCfg = Debug|Any CPU
		{041DFA7A-7658-4998-85AC-1915B1EFA5D8}.Debug|Any CPU.Build.0 = Debug|Any CPU
		{041DFA7A-7658-4998-85AC-1915B1EFA5D8}.Release|Any CPU.ActiveCfg = Release|Any CPU
		{041DFA7A-7658-4998-85AC-1915B1EFA5D8}.Release|Any CPU.Build.0 = Release|Any CPU
	EndGlobalSection
	GlobalSection(SolutionProperties) = preSolution
		HideSolutionNode = FALSE
	EndGlobalSection
	GlobalSection(ExtensibilityGlobals) = postSolution
		SolutionGuid = {4B54E1A2-9056-463B-9912-7CA6A0CA274A}
	EndGlobalSection
EndGlobal
